// !$*UTF8*$!
{
	archiveVersion = 1;
	classes = {
	};
	objectVersion = 50;
	objects = {

/* Begin PBXBuildFile section */
		9C0D63E3248AC0DC005BCF99 /* AppDelegate.swift in Sources */ = {isa = PBXBuildFile; fileRef = 9C0D63E2248AC0DC005BCF99 /* AppDelegate.swift */; };
		9C0D63E5248AC0DC005BCF99 /* SceneDelegate.swift in Sources */ = {isa = PBXBuildFile; fileRef = 9C0D63E4248AC0DC005BCF99 /* SceneDelegate.swift */; };
		9C0D63E7248AC0DC005BCF99 /* ContentView.swift in Sources */ = {isa = PBXBuildFile; fileRef = 9C0D63E6248AC0DC005BCF99 /* ContentView.swift */; };
		9C0D63E9248AC0DF005BCF99 /* Assets.xcassets in Resources */ = {isa = PBXBuildFile; fileRef = 9C0D63E8248AC0DF005BCF99 /* Assets.xcassets */; };
		9C0D63EC248AC0DF005BCF99 /* Preview Assets.xcassets in Resources */ = {isa = PBXBuildFile; fileRef = 9C0D63EB248AC0DF005BCF99 /* Preview Assets.xcassets */; };
		9C0D63EF248AC0DF005BCF99 /* LaunchScreen.storyboard in Resources */ = {isa = PBXBuildFile; fileRef = 9C0D63ED248AC0DF005BCF99 /* LaunchScreen.storyboard */; };
		9C0D63FA248AC0DF005BCF99 /* hacathonTests.swift in Sources */ = {isa = PBXBuildFile; fileRef = 9C0D63F9248AC0DF005BCF99 /* hacathonTests.swift */; };
		9C0D6405248AC0DF005BCF99 /* hacathonUITests.swift in Sources */ = {isa = PBXBuildFile; fileRef = 9C0D6404248AC0DF005BCF99 /* hacathonUITests.swift */; };
/* End PBXBuildFile section */

/* Begin PBXContainerItemProxy section */
		9C0D63F6248AC0DF005BCF99 /* PBXContainerItemProxy */ = {
			isa = PBXContainerItemProxy;
			containerPortal = 9C0D63D7248AC0DC005BCF99 /* Project object */;
			proxyType = 1;
			remoteGlobalIDString = 9C0D63DE248AC0DC005BCF99;
			remoteInfo = hacathon;
		};
		9C0D6401248AC0DF005BCF99 /* PBXContainerItemProxy */ = {
			isa = PBXContainerItemProxy;
			containerPortal = 9C0D63D7248AC0DC005BCF99 /* Project object */;
			proxyType = 1;
			remoteGlobalIDString = 9C0D63DE248AC0DC005BCF99;
			remoteInfo = hacathon;
		};
/* End PBXContainerItemProxy section */

/* Begin PBXFileReference section */
		9C0D63DF248AC0DC005BCF99 /* hacathon.app */ = {isa = PBXFileReference; explicitFileType = wrapper.application; includeInIndex = 0; path = hacathon.app; sourceTree = BUILT_PRODUCTS_DIR; };
		9C0D63E2248AC0DC005BCF99 /* AppDelegate.swift */ = {isa = PBXFileReference; lastKnownFileType = sourcecode.swift; path = AppDelegate.swift; sourceTree = "<group>"; };
		9C0D63E4248AC0DC005BCF99 /* SceneDelegate.swift */ = {isa = PBXFileReference; lastKnownFileType = sourcecode.swift; path = SceneDelegate.swift; sourceTree = "<group>"; };
		9C0D63E6248AC0DC005BCF99 /* ContentView.swift */ = {isa = PBXFileReference; lastKnownFileType = sourcecode.swift; path = ContentView.swift; sourceTree = "<group>"; };
		9C0D63E8248AC0DF005BCF99 /* Assets.xcassets */ = {isa = PBXFileReference; lastKnownFileType = folder.assetcatalog; path = Assets.xcassets; sourceTree = "<group>"; };
		9C0D63EB248AC0DF005BCF99 /* Preview Assets.xcassets */ = {isa = PBXFileReference; lastKnownFileType = folder.assetcatalog; path = "Preview Assets.xcassets"; sourceTree = "<group>"; };
		9C0D63EE248AC0DF005BCF99 /* Base */ = {isa = PBXFileReference; lastKnownFileType = file.storyboard; name = Base; path = Base.lproj/LaunchScreen.storyboard; sourceTree = "<group>"; };
		9C0D63F0248AC0DF005BCF99 /* Info.plist */ = {isa = PBXFileReference; lastKnownFileType = text.plist.xml; path = Info.plist; sourceTree = "<group>"; };
		9C0D63F5248AC0DF005BCF99 /* hacathonTests.xctest */ = {isa = PBXFileReference; explicitFileType = wrapper.cfbundle; includeInIndex = 0; path = hacathonTests.xctest; sourceTree = BUILT_PRODUCTS_DIR; };
		9C0D63F9248AC0DF005BCF99 /* hacathonTests.swift */ = {isa = PBXFileReference; lastKnownFileType = sourcecode.swift; path = hacathonTests.swift; sourceTree = "<group>"; };
		9C0D63FB248AC0DF005BCF99 /* Info.plist */ = {isa = PBXFileReference; lastKnownFileType = text.plist.xml; path = Info.plist; sourceTree = "<group>"; };
		9C0D6400248AC0DF005BCF99 /* hacathonUITests.xctest */ = {isa = PBXFileReference; explicitFileType = wrapper.cfbundle; includeInIndex = 0; path = hacathonUITests.xctest; sourceTree = BUILT_PRODUCTS_DIR; };
		9C0D6404248AC0DF005BCF99 /* hacathonUITests.swift */ = {isa = PBXFileReference; lastKnownFileType = sourcecode.swift; path = hacathonUITests.swift; sourceTree = "<group>"; };
		9C0D6406248AC0DF005BCF99 /* Info.plist */ = {isa = PBXFileReference; lastKnownFileType = text.plist.xml; path = Info.plist; sourceTree = "<group>"; };
/* End PBXFileReference section */

/* Begin PBXFrameworksBuildPhase section */
		9C0D63DC248AC0DC005BCF99 /* Frameworks */ = {
			isa = PBXFrameworksBuildPhase;
			buildActionMask = 2147483647;
			files = (
			);
			runOnlyForDeploymentPostprocessing = 0;
		};
		9C0D63F2248AC0DF005BCF99 /* Frameworks */ = {
			isa = PBXFrameworksBuildPhase;
			buildActionMask = 2147483647;
			files = (
			);
			runOnlyForDeploymentPostprocessing = 0;
		};
		9C0D63FD248AC0DF005BCF99 /* Frameworks */ = {
			isa = PBXFrameworksBuildPhase;
			buildActionMask = 2147483647;
			files = (
			);
			runOnlyForDeploymentPostprocessing = 0;
		};
/* End PBXFrameworksBuildPhase section */

/* Begin PBXGroup section */
		9C0D63D6248AC0DC005BCF99 = {
			isa = PBXGroup;
			children = (
				9C0D63E1248AC0DC005BCF99 /* hacathon */,
				9C0D63F8248AC0DF005BCF99 /* hacathonTests */,
				9C0D6403248AC0DF005BCF99 /* hacathonUITests */,
				9C0D63E0248AC0DC005BCF99 /* Products */,
			);
			sourceTree = "<group>";
		};
		9C0D63E0248AC0DC005BCF99 /* Products */ = {
			isa = PBXGroup;
			children = (
				9C0D63DF248AC0DC005BCF99 /* hacathon.app */,
				9C0D63F5248AC0DF005BCF99 /* hacathonTests.xctest */,
				9C0D6400248AC0DF005BCF99 /* hacathonUITests.xctest */,
			);
			name = Products;
			sourceTree = "<group>";
		};
		9C0D63E1248AC0DC005BCF99 /* hacathon */ = {
			isa = PBXGroup;
			children = (
				9C0D63E2248AC0DC005BCF99 /* AppDelegate.swift */,
				9C0D63E4248AC0DC005BCF99 /* SceneDelegate.swift */,
				9C0D63E6248AC0DC005BCF99 /* ContentView.swift */,
				9C0D63E8248AC0DF005BCF99 /* Assets.xcassets */,
				9C0D63ED248AC0DF005BCF99 /* LaunchScreen.storyboard */,
				9C0D63F0248AC0DF005BCF99 /* Info.plist */,
				9C0D63EA248AC0DF005BCF99 /* Preview Content */,
			);
			path = hacathon;
			sourceTree = "<group>";
		};
		9C0D63EA248AC0DF005BCF99 /* Preview Content */ = {
			isa = PBXGroup;
			children = (
				9C0D63EB248AC0DF005BCF99 /* Preview Assets.xcassets */,
			);
			path = "Preview Content";
			sourceTree = "<group>";
		};
		9C0D63F8248AC0DF005BCF99 /* hacathonTests */ = {
			isa = PBXGroup;
			children = (
				9C0D63F9248AC0DF005BCF99 /* hacathonTests.swift */,
				9C0D63FB248AC0DF005BCF99 /* Info.plist */,
			);
			path = hacathonTests;
			sourceTree = "<group>";
		};
		9C0D6403248AC0DF005BCF99 /* hacathonUITests */ = {
			isa = PBXGroup;
			children = (
				9C0D6404248AC0DF005BCF99 /* hacathonUITests.swift */,
				9C0D6406248AC0DF005BCF99 /* Info.plist */,
			);
			path = hacathonUITests;
			sourceTree = "<group>";
		};
/* End PBXGroup section */

/* Begin PBXNativeTarget section */
		9C0D63DE248AC0DC005BCF99 /* hacathon */ = {
			isa = PBXNativeTarget;
			buildConfigurationList = 9C0D6409248AC0DF005BCF99 /* Build configuration list for PBXNativeTarget "hacathon" */;
			buildPhases = (
				9C0D63DB248AC0DC005BCF99 /* Sources */,
				9C0D63DC248AC0DC005BCF99 /* Frameworks */,
				9C0D63DD248AC0DC005BCF99 /* Resources */,
			);
			buildRules = (
			);
			dependencies = (
			);
			name = hacathon;
			productName = hacathon;
			productReference = 9C0D63DF248AC0DC005BCF99 /* hacathon.app */;
			productType = "com.apple.product-type.application";
		};
		9C0D63F4248AC0DF005BCF99 /* hacathonTests */ = {
			isa = PBXNativeTarget;
			buildConfigurationList = 9C0D640C248AC0DF005BCF99 /* Build configuration list for PBXNativeTarget "hacathonTests" */;
			buildPhases = (
				9C0D63F1248AC0DF005BCF99 /* Sources */,
				9C0D63F2248AC0DF005BCF99 /* Frameworks */,
				9C0D63F3248AC0DF005BCF99 /* Resources */,
			);
			buildRules = (
			);
			dependencies = (
				9C0D63F7248AC0DF005BCF99 /* PBXTargetDependency */,
			);
			name = hacathonTests;
			productName = hacathonTests;
			productReference = 9C0D63F5248AC0DF005BCF99 /* hacathonTests.xctest */;
			productType = "com.apple.product-type.bundle.unit-test";
		};
		9C0D63FF248AC0DF005BCF99 /* hacathonUITests */ = {
			isa = PBXNativeTarget;
			buildConfigurationList = 9C0D640F248AC0DF005BCF99 /* Build configuration list for PBXNativeTarget "hacathonUITests" */;
			buildPhases = (
				9C0D63FC248AC0DF005BCF99 /* Sources */,
				9C0D63FD248AC0DF005BCF99 /* Frameworks */,
				9C0D63FE248AC0DF005BCF99 /* Resources */,
			);
			buildRules = (
			);
			dependencies = (
				9C0D6402248AC0DF005BCF99 /* PBXTargetDependency */,
			);
			name = hacathonUITests;
			productName = hacathonUITests;
			productReference = 9C0D6400248AC0DF005BCF99 /* hacathonUITests.xctest */;
			productType = "com.apple.product-type.bundle.ui-testing";
		};
/* End PBXNativeTarget section */

/* Begin PBXProject section */
		9C0D63D7248AC0DC005BCF99 /* Project object */ = {
			isa = PBXProject;
			attributes = {
				LastSwiftUpdateCheck = 1150;
				LastUpgradeCheck = 1150;
				ORGANIZATIONNAME = "sai sathi";
				TargetAttributes = {
					9C0D63DE248AC0DC005BCF99 = {
						CreatedOnToolsVersion = 11.5;
					};
					9C0D63F4248AC0DF005BCF99 = {
						CreatedOnToolsVersion = 11.5;
						TestTargetID = 9C0D63DE248AC0DC005BCF99;
					};
					9C0D63FF248AC0DF005BCF99 = {
						CreatedOnToolsVersion = 11.5;
						TestTargetID = 9C0D63DE248AC0DC005BCF99;
					};
				};
			};
			buildConfigurationList = 9C0D63DA248AC0DC005BCF99 /* Build configuration list for PBXProject "hacathon" */;
			compatibilityVersion = "Xcode 9.3";
			developmentRegion = en;
			hasScannedForEncodings = 0;
			knownRegions = (
				en,
				Base,
			);
			mainGroup = 9C0D63D6248AC0DC005BCF99;
			productRefGroup = 9C0D63E0248AC0DC005BCF99 /* Products */;
			projectDirPath = "";
			projectRoot = "";
			targets = (
				9C0D63DE248AC0DC005BCF99 /* hacathon */,
				9C0D63F4248AC0DF005BCF99 /* hacathonTests */,
				9C0D63FF248AC0DF005BCF99 /* hacathonUITests */,
			);
		};
/* End PBXProject section */

/* Begin PBXResourcesBuildPhase section */
		9C0D63DD248AC0DC005BCF99 /* Resources */ = {
			isa = PBXResourcesBuildPhase;
			buildActionMask = 2147483647;
			files = (
				9C0D63EF248AC0DF005BCF99 /* LaunchScreen.storyboard in Resources */,
				9C0D63EC248AC0DF005BCF99 /* Preview Assets.xcassets in Resources */,
				9C0D63E9248AC0DF005BCF99 /* Assets.xcassets in Resources */,
			);
			runOnlyForDeploymentPostprocessing = 0;
		};
		9C0D63F3248AC0DF005BCF99 /* Resources */ = {
			isa = PBXResourcesBuildPhase;
			buildActionMask = 2147483647;
			files = (
			);
			runOnlyForDeploymentPostprocessing = 0;
		};
		9C0D63FE248AC0DF005BCF99 /* Resources */ = {
			isa = PBXResourcesBuildPhase;
			buildActionMask = 2147483647;
			files = (
			);
			runOnlyForDeploymentPostprocessing = 0;
		};
/* End PBXResourcesBuildPhase section */

/* Begin PBXSourcesBuildPhase section */
		9C0D63DB248AC0DC005BCF99 /* Sources */ = {
			isa = PBXSourcesBuildPhase;
			buildActionMask = 2147483647;
			files = (
				9C0D63E3248AC0DC005BCF99 /* AppDelegate.swift in Sources */,
				9C0D63E5248AC0DC005BCF99 /* SceneDelegate.swift in Sources */,
				9C0D63E7248AC0DC005BCF99 /* ContentView.swift in Sources */,
			);
			runOnlyForDeploymentPostprocessing = 0;
		};
		9C0D63F1248AC0DF005BCF99 /* Sources */ = {
			isa = PBXSourcesBuildPhase;
			buildActionMask = 2147483647;
			files = (
				9C0D63FA248AC0DF005BCF99 /* hacathonTests.swift in Sources */,
			);
			runOnlyForDeploymentPostprocessing = 0;
		};
		9C0D63FC248AC0DF005BCF99 /* Sources */ = {
			isa = PBXSourcesBuildPhase;
			buildActionMask = 2147483647;
			files = (
				9C0D6405248AC0DF005BCF99 /* hacathonUITests.swift in Sources */,
			);
			runOnlyForDeploymentPostprocessing = 0;
		};
/* End PBXSourcesBuildPhase section */

/* Begin PBXTargetDependency section */
		9C0D63F7248AC0DF005BCF99 /* PBXTargetDependency */ = {
			isa = PBXTargetDependency;
			target = 9C0D63DE248AC0DC005BCF99 /* hacathon */;
			targetProxy = 9C0D63F6248AC0DF005BCF99 /* PBXContainerItemProxy */;
		};
		9C0D6402248AC0DF005BCF99 /* PBXTargetDependency */ = {
			isa = PBXTargetDependency;
			target = 9C0D63DE248AC0DC005BCF99 /* hacathon */;
			targetProxy = 9C0D6401248AC0DF005BCF99 /* PBXContainerItemProxy */;
		};
/* End PBXTargetDependency section */

/* Begin PBXVariantGroup section */
		9C0D63ED248AC0DF005BCF99 /* LaunchScreen.storyboard */ = {
			isa = PBXVariantGroup;
			children = (
				9C0D63EE248AC0DF005BCF99 /* Base */,
			);
			name = LaunchScreen.storyboard;
			sourceTree = "<group>";
		};
/* End PBXVariantGroup section */

/* Begin XCBuildConfiguration section */
		9C0D6407248AC0DF005BCF99 /* Debug */ = {
			isa = XCBuildConfiguration;
			buildSettings = {
				ALWAYS_SEARCH_USER_PATHS = NO;
				CLANG_ANALYZER_NONNULL = YES;
				CLANG_ANALYZER_NUMBER_OBJECT_CONVERSION = YES_AGGRESSIVE;
				CLANG_CXX_LANGUAGE_STANDARD = "gnu++14";
				CLANG_CXX_LIBRARY = "libc++";
				CLANG_ENABLE_MODULES = YES;
				CLANG_ENABLE_OBJC_ARC = YES;
				CLANG_ENABLE_OBJC_WEAK = YES;
				CLANG_WARN_BLOCK_CAPTURE_AUTORELEASING = YES;
				CLANG_WARN_BOOL_CONVERSION = YES;
				CLANG_WARN_COMMA = YES;
				CLANG_WARN_CONSTANT_CONVERSION = YES;
				CLANG_WARN_DEPRECATED_OBJC_IMPLEMENTATIONS = YES;
				CLANG_WARN_DIRECT_OBJC_ISA_USAGE = YES_ERROR;
				CLANG_WARN_DOCUMENTATION_COMMENTS = YES;
				CLANG_WARN_EMPTY_BODY = YES;
				CLANG_WARN_ENUM_CONVERSION = YES;
				CLANG_WARN_INFINITE_RECURSION = YES;
				CLANG_WARN_INT_CONVERSION = YES;
				CLANG_WARN_NON_LITERAL_NULL_CONVERSION = YES;
				CLANG_WARN_OBJC_IMPLICIT_RETAIN_SELF = YES;
				CLANG_WARN_OBJC_LITERAL_CONVERSION = YES;
				CLANG_WARN_OBJC_ROOT_CLASS = YES_ERROR;
				CLANG_WARN_RANGE_LOOP_ANALYSIS = YES;
				CLANG_WARN_STRICT_PROTOTYPES = YES;
				CLANG_WARN_SUSPICIOUS_MOVE = YES;
				CLANG_WARN_UNGUARDED_AVAILABILITY = YES_AGGRESSIVE;
				CLANG_WARN_UNREACHABLE_CODE = YES;
				CLANG_WARN__DUPLICATE_METHOD_MATCH = YES;
				COPY_PHASE_STRIP = NO;
				DEBUG_INFORMATION_FORMAT = dwarf;
				ENABLE_STRICT_OBJC_MSGSEND = YES;
				ENABLE_TESTABILITY = YES;
				GCC_C_LANGUAGE_STANDARD = gnu11;
				GCC_DYNAMIC_NO_PIC = NO;
				GCC_NO_COMMON_BLOCKS = YES;
				GCC_OPTIMIZATION_LEVEL = 0;
				GCC_PREPROCESSOR_DEFINITIONS = (
					"DEBUG=1",
					"$(inherited)",
				);
				GCC_WARN_64_TO_32_BIT_CONVERSION = YES;
				GCC_WARN_ABOUT_RETURN_TYPE = YES_ERROR;
				GCC_WARN_UNDECLARED_SELECTOR = YES;
				GCC_WARN_UNINITIALIZED_AUTOS = YES_AGGRESSIVE;
				GCC_WARN_UNUSED_FUNCTION = YES;
				GCC_WARN_UNUSED_VARIABLE = YES;
				IPHONEOS_DEPLOYMENT_TARGET = 13.5;
				MTL_ENABLE_DEBUG_INFO = INCLUDE_SOURCE;
				MTL_FAST_MATH = YES;
				ONLY_ACTIVE_ARCH = YES;
				SDKROOT = iphoneos;
				SWIFT_ACTIVE_COMPILATION_CONDITIONS = DEBUG;
				SWIFT_OPTIMIZATION_LEVEL = "-Onone";
			};
			name = Debug;
		};
		9C0D6408248AC0DF005BCF99 /* Release */ = {
			isa = XCBuildConfiguration;
			buildSettings = {
				ALWAYS_SEARCH_USER_PATHS = NO;
				CLANG_ANALYZER_NONNULL = YES;
				CLANG_ANALYZER_NUMBER_OBJECT_CONVERSION = YES_AGGRESSIVE;
				CLANG_CXX_LANGUAGE_STANDARD = "gnu++14";
				CLANG_CXX_LIBRARY = "libc++";
				CLANG_ENABLE_MODULES = YES;
				CLANG_ENABLE_OBJC_ARC = YES;
				CLANG_ENABLE_OBJC_WEAK = YES;
				CLANG_WARN_BLOCK_CAPTURE_AUTORELEASING = YES;
				CLANG_WARN_BOOL_CONVERSION = YES;
				CLANG_WARN_COMMA = YES;
				CLANG_WARN_CONSTANT_CONVERSION = YES;
				CLANG_WARN_DEPRECATED_OBJC_IMPLEMENTATIONS = YES;
				CLANG_WARN_DIRECT_OBJC_ISA_USAGE = YES_ERROR;
				CLANG_WARN_DOCUMENTATION_COMMENTS = YES;
				CLANG_WARN_EMPTY_BODY = YES;
				CLANG_WARN_ENUM_CONVERSION = YES;
				CLANG_WARN_INFINITE_RECURSION = YES;
				CLANG_WARN_INT_CONVERSION = YES;
				CLANG_WARN_NON_LITERAL_NULL_CONVERSION = YES;
				CLANG_WARN_OBJC_IMPLICIT_RETAIN_SELF = YES;
				CLANG_WARN_OBJC_LITERAL_CONVERSION = YES;
				CLANG_WARN_OBJC_ROOT_CLASS = YES_ERROR;
				CLANG_WARN_RANGE_LOOP_ANALYSIS = YES;
				CLANG_WARN_STRICT_PROTOTYPES = YES;
				CLANG_WARN_SUSPICIOUS_MOVE = YES;
				CLANG_WARN_UNGUARDED_AVAILABILITY = YES_AGGRESSIVE;
				CLANG_WARN_UNREACHABLE_CODE = YES;
				CLANG_WARN__DUPLICATE_METHOD_MATCH = YES;
				COPY_PHASE_STRIP = NO;
				DEBUG_INFORMATION_FORMAT = "dwarf-with-dsym";
				ENABLE_NS_ASSERTIONS = NO;
				ENABLE_STRICT_OBJC_MSGSEND = YES;
				GCC_C_LANGUAGE_STANDARD = gnu11;
				GCC_NO_COMMON_BLOCKS = YES;
				GCC_WARN_64_TO_32_BIT_CONVERSION = YES;
				GCC_WARN_ABOUT_RETURN_TYPE = YES_ERROR;
				GCC_WARN_UNDECLARED_SELECTOR = YES;
				GCC_WARN_UNINITIALIZED_AUTOS = YES_AGGRESSIVE;
				GCC_WARN_UNUSED_FUNCTION = YES;
				GCC_WARN_UNUSED_VARIABLE = YES;
				IPHONEOS_DEPLOYMENT_TARGET = 13.5;
				MTL_ENABLE_DEBUG_INFO = NO;
				MTL_FAST_MATH = YES;
				SDKROOT = iphoneos;
				SWIFT_COMPILATION_MODE = wholemodule;
				SWIFT_OPTIMIZATION_LEVEL = "-O";
				VALIDATE_PRODUCT = YES;
			};
			name = Release;
		};
		9C0D640A248AC0DF005BCF99 /* Debug */ = {
			isa = XCBuildConfiguration;
			buildSettings = {
				ASSETCATALOG_COMPILER_APPICON_NAME = AppIcon;
				CODE_SIGN_STYLE = Automatic;
				DEVELOPMENT_ASSET_PATHS = "\"hacathon/Preview Content\"";
				ENABLE_PREVIEWS = YES;
				INFOPLIST_FILE = hacathon/Info.plist;
				LD_RUNPATH_SEARCH_PATHS = (
					"$(inherited)",
					"@executable_path/Frameworks",
				);
				PRODUCT_BUNDLE_IDENTIFIER = "https---github.com-saisathi-Hackthenortheast.git.hacathon";
				PRODUCT_NAME = "$(TARGET_NAME)";
				SWIFT_VERSION = 5.0;
				TARGETED_DEVICE_FAMILY = "1,2";
			};
			name = Debug;
		};
		9C0D640B248AC0DF005BCF99 /* Release */ = {
			isa = XCBuildConfiguration;
			buildSettings = {
				ASSETCATALOG_COMPILER_APPICON_NAME = AppIcon;
				CODE_SIGN_STYLE = Automatic;
				DEVELOPMENT_ASSET_PATHS = "\"hacathon/Preview Content\"";
				ENABLE_PREVIEWS = YES;
				INFOPLIST_FILE = hacathon/Info.plist;
				LD_RUNPATH_SEARCH_PATHS = (
					"$(inherited)",
					"@executable_path/Frameworks",
				);
				PRODUCT_BUNDLE_IDENTIFIER = "https---github.com-saisathi-Hackthenortheast.git.hacathon";
				PRODUCT_NAME = "$(TARGET_NAME)";
				SWIFT_VERSION = 5.0;
				TARGETED_DEVICE_FAMILY = "1,2";
			};
			name = Release;
		};
		9C0D640D248AC0DF005BCF99 /* Debug */ = {
			isa = XCBuildConfiguration;
			buildSettings = {
				ALWAYS_EMBED_SWIFT_STANDARD_LIBRARIES = YES;
				BUNDLE_LOADER = "$(TEST_HOST)";
				CODE_SIGN_STYLE = Automatic;
				INFOPLIST_FILE = hacathonTests/Info.plist;
				IPHONEOS_DEPLOYMENT_TARGET = 13.5;
				LD_RUNPATH_SEARCH_PATHS = (
					"$(inherited)",
					"@executable_path/Frameworks",
					"@loader_path/Frameworks",
				);
				PRODUCT_BUNDLE_IDENTIFIER = "https---github.com-saisathi-Hackthenortheast.git.hacathonTests";
				PRODUCT_NAME = "$(TARGET_NAME)";
				SWIFT_VERSION = 5.0;
				TARGETED_DEVICE_FAMILY = "1,2";
				TEST_HOST = "$(BUILT_PRODUCTS_DIR)/hacathon.app/hacathon";
			};
			name = Debug;
		};
		9C0D640E248AC0DF005BCF99 /* Release */ = {
			isa = XCBuildConfiguration;
			buildSettings = {
				ALWAYS_EMBED_SWIFT_STANDARD_LIBRARIES = YES;
				BUNDLE_LOADER = "$(TEST_HOST)";
				CODE_SIGN_STYLE = Automatic;
				INFOPLIST_FILE = hacathonTests/Info.plist;
				IPHONEOS_DEPLOYMENT_TARGET = 13.5;
				LD_RUNPATH_SEARCH_PATHS = (
					"$(inherited)",
					"@executable_path/Frameworks",
					"@loader_path/Frameworks",
				);
				PRODUCT_BUNDLE_IDENTIFIER = "https---github.com-saisathi-Hackthenortheast.git.hacathonTests";
				PRODUCT_NAME = "$(TARGET_NAME)";
				SWIFT_VERSION = 5.0;
				TARGETED_DEVICE_FAMILY = "1,2";
				TEST_HOST = "$(BUILT_PRODUCTS_DIR)/hacathon.app/hacathon";
			};
			name = Release;
		};
		9C0D6410248AC0DF005BCF99 /* Debug */ = {
			isa = XCBuildConfiguration;
			buildSettings = {
				ALWAYS_EMBED_SWIFT_STANDARD_LIBRARIES = YES;
				CODE_SIGN_STYLE = Automatic;
				INFOPLIST_FILE = hacathonUITests/Info.plist;
				LD_RUNPATH_SEARCH_PATHS = (
					"$(inherited)",
					"@executable_path/Frameworks",
					"@loader_path/Frameworks",
				);
				PRODUCT_BUNDLE_IDENTIFIER = "https---github.com-saisathi-Hackthenortheast.git.hacathonUITests";
				PRODUCT_NAME = "$(TARGET_NAME)";
				SWIFT_VERSION = 5.0;
				TARGETED_DEVICE_FAMILY = "1,2";
				TEST_TARGET_NAME = hacathon;
			};
			name = Debug;
		};
		9C0D6411248AC0DF005BCF99 /* Release */ = {
			isa = XCBuildConfiguration;
			buildSettings = {
				ALWAYS_EMBED_SWIFT_STANDARD_LIBRARIES = YES;
				CODE_SIGN_STYLE = Automatic;
				INFOPLIST_FILE = hacathonUITests/Info.plist;
				LD_RUNPATH_SEARCH_PATHS = (
					"$(inherited)",
					"@executable_path/Frameworks",
					"@loader_path/Frameworks",
				);
				PRODUCT_BUNDLE_IDENTIFIER = "https---github.com-saisathi-Hackthenortheast.git.hacathonUITests";
				PRODUCT_NAME = "$(TARGET_NAME)";
				SWIFT_VERSION = 5.0;
				TARGETED_DEVICE_FAMILY = "1,2";
				TEST_TARGET_NAME = hacathon;
			};
			name = Release;
		};
/* End XCBuildConfiguration section */

/* Begin XCConfigurationList section */
		9C0D63DA248AC0DC005BCF99 /* Build configuration list for PBXProject "hacathon" */ = {
			isa = XCConfigurationList;
			buildConfigurations = (
				9C0D6407248AC0DF005BCF99 /* Debug */,
				9C0D6408248AC0DF005BCF99 /* Release */,
			);
			defaultConfigurationIsVisible = 0;
			defaultConfigurationName = Release;
		};
		9C0D6409248AC0DF005BCF99 /* Build configuration list for PBXNativeTarget "hacathon" */ = {
			isa = XCConfigurationList;
			buildConfigurations = (
				9C0D640A248AC0DF005BCF99 /* Debug */,
				9C0D640B248AC0DF005BCF99 /* Release */,
			);
			defaultConfigurationIsVisible = 0;
			defaultConfigurationName = Release;
		};
		9C0D640C248AC0DF005BCF99 /* Build configuration list for PBXNativeTarget "hacathonTests" */ = {
			isa = XCConfigurationList;
			buildConfigurations = (
				9C0D640D248AC0DF005BCF99 /* Debug */,
				9C0D640E248AC0DF005BCF99 /* Release */,
			);
			defaultConfigurationIsVisible = 0;
			defaultConfigurationName = Release;
		};
		9C0D640F248AC0DF005BCF99 /* Build configuration list for PBXNativeTarget "hacathonUITests" */ = {
			isa = XCConfigurationList;
			buildConfigurations = (
				9C0D6410248AC0DF005BCF99 /* Debug */,
				9C0D6411248AC0DF005BCF99 /* Release */,
			);
			defaultConfigurationIsVisible = 0;
			defaultConfigurationName = Release;
		};
/* End XCConfigurationList section */
	};
	rootObject = 9C0D63D7248AC0DC005BCF99 /* Project object */;
}
